
Microsoft Visual Studio Solution File, Format Version 12.00
# Visual Studio Version 16
VisualStudioVersion = 16.0.31624.102
MinimumVisualStudioVersion = 10.0.40219.1
Project("{FAE04EC0-301F-11D3-BF4B-00C04F79EFBC}") = "Delegate_EventMulticast", "Delegate_EventMulticast.csproj", "{724D2E42-BFC5-4115-B595-A7581381E748}"
EndProject
Project("{FAE04EC0-301F-11D3-BF4B-00C04F79EFBC}") = "Generic_Delegate_Event", "..\Generic_Delegate_Event\Generic_Delegate_Event.csproj", "{DA735D44-8B37-476D-B5EB-C864D9EACC62}"
EndProject
Project("{FAE04EC0-301F-11D3-BF4B-00C04F79EFBC}") = "FileHandeling", "..\FileHandeling\FileHandeling.csproj", "{BDA43BA6-B3E8-4701-BA50-AD187BC68F48}"
EndProject
Global
	GlobalSection(SolutionConfigurationPlatforms) = preSolution
		Debug|Any CPU = Debug|Any CPU
		Release|Any CPU = Release|Any CPU
	EndGlobalSection
	GlobalSection(ProjectConfigurationPlatforms) = postSolution
		{724D2E42-BFC5-4115-B595-A7581381E748}.Debug|Any CPU.ActiveCfg = Debug|Any CPU
		{724D2E42-BFC5-4115-B595-A7581381E748}.Debug|Any CPU.Build.0 = Debug|Any CPU
		{724D2E42-BFC5-4115-B595-A7581381E748}.Release|Any CPU.ActiveCfg = Release|Any CPU
		{724D2E42-BFC5-4115-B595-A7581381E748}.Release|Any CPU.Build.0 = Release|Any CPU
		{DA735D44-8B37-476D-B5EB-C864D9EACC62}.Debug|Any CPU.ActiveCfg = Debug|Any CPU
		{DA735D44-8B37-476D-B5EB-C864D9EACC62}.Debug|Any CPU.Build.0 = Debug|Any CPU
		{DA735D44-8B37-476D-B5EB-C864D9EACC62}.Release|Any CPU.ActiveCfg = Release|Any CPU
		{DA735D44-8B37-476D-B5EB-C864D9EACC62}.Release|Any CPU.Build.0 = Release|Any CPU
		{BDA43BA6-B3E8-4701-BA50-AD187BC68F48}.Debug|Any CPU.ActiveCfg = Debug|Any CPU
		{BDA43BA6-B3E8-4701-BA50-AD187BC68F48}.Debug|Any CPU.Build.0 = Debug|Any CPU
		{BDA43BA6-B3E8-4701-BA50-AD187BC68F48}.Release|Any CPU.ActiveCfg = Release|Any CPU
		{BDA43BA6-B3E8-4701-BA50-AD187BC68F48}.Release|Any CPU.Build.0 = Release|Any CPU
	EndGlobalSection
	GlobalSection(SolutionProperties) = preSolution
		HideSolutionNode = FALSE
	EndGlobalSection
	GlobalSection(ExtensibilityGlobals) = postSolution
		SolutionGuid = {881D7173-B28B-4B62-ADAF-DBC544E62BAF}
	EndGlobalSection
EndGlobal
